
Microsoft Visual Studio Solution File, Format Version 12.00
# Visual Studio Version 16
VisualStudioVersion = 16.0.29519.181
MinimumVisualStudioVersion = 10.0.40219.1
Project("{FAE04EC0-301F-11D3-BF4B-00C04F79EFBC}") = "ShareYourSongs_UWP", "ShareYourSongs_UWP\ShareYourSongs_UWP.csproj", "{ED67D171-BBC0-4A12-9B31-C4E99CC22976}"
EndProject
Global
	GlobalSection(SolutionConfigurationPlatforms) = preSolution
		Debug|ARM = Debug|ARM
		Debug|ARM64 = Debug|ARM64
		Debug|x64 = Debug|x64
		Debug|x86 = Debug|x86
		Release|ARM = Release|ARM
		Release|ARM64 = Release|ARM64
		Release|x64 = Release|x64
		Release|x86 = Release|x86
	EndGlobalSection
	GlobalSection(ProjectConfigurationPlatforms) = postSolution
		{ED67D171-BBC0-4A12-9B31-C4E99CC22976}.Debug|ARM.ActiveCfg = Debug|ARM
		{ED67D171-BBC0-4A12-9B31-C4E99CC22976}.Debug|ARM.Build.0 = Debug|ARM
		{ED67D171-BBC0-4A12-9B31-C4E99CC22976}.Debug|ARM.Deploy.0 = Debug|ARM
		{ED67D171-BBC0-4A12-9B31-C4E99CC22976}.Debug|ARM64.ActiveCfg = Debug|ARM64
		{ED67D171-BBC0-4A12-9B31-C4E99CC22976}.Debug|ARM64.Build.0 = Debug|ARM64
		{ED67D171-BBC0-4A12-9B31-C4E99CC22976}.Debug|ARM64.Deploy.0 = Debug|ARM64
		{ED67D171-BBC0-4A12-9B31-C4E99CC22976}.Debug|x64.ActiveCfg = Debug|x64
		{ED67D171-BBC0-4A12-9B31-C4E99CC22976}.Debug|x64.Build.0 = Debug|x64
		{ED67D171-BBC0-4A12-9B31-C4E99CC22976}.Debug|x64.Deploy.0 = Debug|x64
		{ED67D171-BBC0-4A12-9B31-C4E99CC22976}.Debug|x86.ActiveCfg = Debug|x86
		{ED67D171-BBC0-4A12-9B31-C4E99CC22976}.Debug|x86.Build.0 = Debug|x86
		{ED67D171-BBC0-4A12-9B31-C4E99CC22976}.Debug|x86.Deploy.0 = Debug|x86
		{ED67D171-BBC0-4A12-9B31-C4E99CC22976}.Release|ARM.ActiveCfg = Release|ARM
		{ED67D171-BBC0-4A12-9B31-C4E99CC22976}.Release|ARM.Build.0 = Release|ARM
		{ED67D171-BBC0-4A12-9B31-C4E99CC22976}.Release|ARM.Deploy.0 = Release|ARM
		{ED67D171-BBC0-4A12-9B31-C4E99CC22976}.Release|ARM64.ActiveCfg = Release|ARM64
		{ED67D171-BBC0-4A12-9B31-C4E99CC22976}.Release|ARM64.Build.0 = Release|ARM64
		{ED67D171-BBC0-4A12-9B31-C4E99CC22976}.Release|ARM64.Deploy.0 = Release|ARM64
		{ED67D171-BBC0-4A12-9B31-C4E99CC22976}.Release|x64.ActiveCfg = Release|x64
		{ED67D171-BBC0-4A12-9B31-C4E99CC22976}.Release|x64.Build.0 = Release|x64
		{ED67D171-BBC0-4A12-9B31-C4E99CC22976}.Release|x64.Deploy.0 = Release|x64
		{ED67D171-BBC0-4A12-9B31-C4E99CC22976}.Release|x86.ActiveCfg = Release|x86
		{ED67D171-BBC0-4A12-9B31-C4E99CC22976}.Release|x86.Build.0 = Release|x86
		{ED67D171-BBC0-4A12-9B31-C4E99CC22976}.Release|x86.Deploy.0 = Release|x86
	EndGlobalSection
	GlobalSection(SolutionProperties) = preSolution
		HideSolutionNode = FALSE
	EndGlobalSection
	GlobalSection(ExtensibilityGlobals) = postSolution
		SolutionGuid = {88269422-DC80-4566-A186-D2A293BD52AC}
	EndGlobalSection
EndGlobal
